
Microsoft Visual Studio Solution File, Format Version 12.00
# Visual Studio Version 16
VisualStudioVersion = 16.0.31702.278
MinimumVisualStudioVersion = 10.0.40219.1
Project("{FAE04EC0-301F-11D3-BF4B-00C04F79EFBC}") = "FunctionApp1", "FunctionApp1\FunctionApp1.csproj", "{6C527A34-3259-464A-8241-5ABBCE3884E6}"
EndProject
Project("{FAE04EC0-301F-11D3-BF4B-00C04F79EFBC}") = "FunctionApp2", "FunctionApp2\FunctionApp2.csproj", "{2FD653BC-3060-4F40-BA36-68F3829F1AC3}"
EndProject
Project("{FAE04EC0-301F-11D3-BF4B-00C04F79EFBC}") = "FunctionApp3", "FunctionApp3\FunctionApp3.csproj", "{A81B7313-3EA8-4330-B852-5D2A78B099C5}"
EndProject
Global
	GlobalSection(SolutionConfigurationPlatforms) = preSolution
		Debug|Any CPU = Debug|Any CPU
		Release|Any CPU = Release|Any CPU
	EndGlobalSection
	GlobalSection(ProjectConfigurationPlatforms) = postSolution
		{6C527A34-3259-464A-8241-5ABBCE3884E6}.Debug|Any CPU.ActiveCfg = Debug|Any CPU
		{6C527A34-3259-464A-8241-5ABBCE3884E6}.Debug|Any CPU.Build.0 = Debug|Any CPU
		{6C527A34-3259-464A-8241-5ABBCE3884E6}.Release|Any CPU.ActiveCfg = Release|Any CPU
		{6C527A34-3259-464A-8241-5ABBCE3884E6}.Release|Any CPU.Build.0 = Release|Any CPU
		{2FD653BC-3060-4F40-BA36-68F3829F1AC3}.Debug|Any CPU.ActiveCfg = Debug|Any CPU
		{2FD653BC-3060-4F40-BA36-68F3829F1AC3}.Debug|Any CPU.Build.0 = Debug|Any CPU
		{2FD653BC-3060-4F40-BA36-68F3829F1AC3}.Release|Any CPU.ActiveCfg = Release|Any CPU
		{2FD653BC-3060-4F40-BA36-68F3829F1AC3}.Release|Any CPU.Build.0 = Release|Any CPU
		{A81B7313-3EA8-4330-B852-5D2A78B099C5}.Debug|Any CPU.ActiveCfg = Debug|Any CPU
		{A81B7313-3EA8-4330-B852-5D2A78B099C5}.Debug|Any CPU.Build.0 = Debug|Any CPU
		{A81B7313-3EA8-4330-B852-5D2A78B099C5}.Release|Any CPU.ActiveCfg = Release|Any CPU
		{A81B7313-3EA8-4330-B852-5D2A78B099C5}.Release|Any CPU.Build.0 = Release|Any CPU
	EndGlobalSection
	GlobalSection(SolutionProperties) = preSolution
		HideSolutionNode = FALSE
	EndGlobalSection
	GlobalSection(ExtensibilityGlobals) = postSolution
		SolutionGuid = {0A80EA18-9DCB-4599-9491-51208C353B8D}
	EndGlobalSection
EndGlobal
